// !$*UTF8*$!
{
	archiveVersion = 1;
	classes = {
	};
	objectVersion = 50;
	objects = {

/* Begin PBXBuildFile section */
		6608D5D322DAE278008C1C6D /* CommentViewController.swift in Sources */ = {isa = PBXBuildFile; fileRef = 6608D5D222DAE278008C1C6D /* CommentViewController.swift */; };
		6608D5D522DAE45C008C1C6D /* CommentTableViewRow.swift in Sources */ = {isa = PBXBuildFile; fileRef = 6608D5D422DAE45C008C1C6D /* CommentTableViewRow.swift */; };
		6608D5D722DB7708008C1C6D /* CommentsTableView.swift in Sources */ = {isa = PBXBuildFile; fileRef = 6608D5D622DB7708008C1C6D /* CommentsTableView.swift */; };
		6608D5DE22DB9105008C1C6D /* DisplayedComment.swift in Sources */ = {isa = PBXBuildFile; fileRef = 6608D5DD22DB9105008C1C6D /* DisplayedComment.swift */; };
		6608D5E022DB990B008C1C6D /* MoreCommentsResponse.swift in Sources */ = {isa = PBXBuildFile; fileRef = 6608D5DF22DB990B008C1C6D /* MoreCommentsResponse.swift */; };
		6617348922B69D6C005F557F /* AppDelegate.swift in Sources */ = {isa = PBXBuildFile; fileRef = 6617348822B69D6C005F557F /* AppDelegate.swift */; };
		6617348B22B69D6D005F557F /* Assets.xcassets in Resources */ = {isa = PBXBuildFile; fileRef = 6617348A22B69D6D005F557F /* Assets.xcassets */; };
		6617348E22B69D6D005F557F /* MainMenu.xib in Resources */ = {isa = PBXBuildFile; fileRef = 6617348C22B69D6D005F557F /* MainMenu.xib */; };
		6617349A22B69D6D005F557F /* RedditTests.swift in Sources */ = {isa = PBXBuildFile; fileRef = 6617349922B69D6D005F557F /* RedditTests.swift */; };
		661734A522B69D6D005F557F /* RedditUITests.swift in Sources */ = {isa = PBXBuildFile; fileRef = 661734A422B69D6D005F557F /* RedditUITests.swift */; };
		661734BC22B6A5F5005F557F /* OAuthManager.swift in Sources */ = {isa = PBXBuildFile; fileRef = 661734BB22B6A5F5005F557F /* OAuthManager.swift */; };
		661734CA22B6ADCF005F557F /* Moya.framework in Frameworks */ = {isa = PBXBuildFile; fileRef = 661734C722B6ADCF005F557F /* Moya.framework */; };
		661734CB22B6ADCF005F557F /* Alamofire.framework in Frameworks */ = {isa = PBXBuildFile; fileRef = 661734C822B6ADCF005F557F /* Alamofire.framework */; };
		661734CC22B6ADCF005F557F /* OAuth2.framework in Frameworks */ = {isa = PBXBuildFile; fileRef = 661734C922B6ADCF005F557F /* OAuth2.framework */; };
		661734D022B6B13B005F557F /* RedditAPITarget.swift in Sources */ = {isa = PBXBuildFile; fileRef = 661734CF22B6B13B005F557F /* RedditAPITarget.swift */; };
		661734D222B6B669005F557F /* Result.framework in Frameworks */ = {isa = PBXBuildFile; fileRef = 661734D122B6B669005F557F /* Result.framework */; };
		661734D922B6CF13005F557F /* Created.swift in Sources */ = {isa = PBXBuildFile; fileRef = 661734D822B6CF13005F557F /* Created.swift */; };
		661734DB22B6CF43005F557F /* Votable.swift in Sources */ = {isa = PBXBuildFile; fileRef = 661734DA22B6CF43005F557F /* Votable.swift */; };
		661734DD22B6CF83005F557F /* Link.swift in Sources */ = {isa = PBXBuildFile; fileRef = 661734DC22B6CF83005F557F /* Link.swift */; };
		663DA94C22BFE6A6002D0D25 /* SelfPostViewController.swift in Sources */ = {isa = PBXBuildFile; fileRef = 663DA94B22BFE6A6002D0D25 /* SelfPostViewController.swift */; };
		665EACEB22FBAB7400D00584 /* MainViewController.swift in Sources */ = {isa = PBXBuildFile; fileRef = 665EACEA22FBAB7400D00584 /* MainViewController.swift */; };
		665EACEE22FBB06200D00584 /* SidebarTableView.swift in Sources */ = {isa = PBXBuildFile; fileRef = 665EACED22FBB06200D00584 /* SidebarTableView.swift */; };
		665EACF022FBB16D00D00584 /* SidebarItem.swift in Sources */ = {isa = PBXBuildFile; fileRef = 665EACEF22FBB16D00D00584 /* SidebarItem.swift */; };
		665EACF322FBB23200D00584 /* SidebarTableViewRow.swift in Sources */ = {isa = PBXBuildFile; fileRef = 665EACF222FBB23200D00584 /* SidebarTableViewRow.swift */; };
		665EACF522FBB2F600D00584 /* SidebarView.swift in Sources */ = {isa = PBXBuildFile; fileRef = 665EACF422FBB2F600D00584 /* SidebarView.swift */; };
		66EB268E22B6D36300824102 /* Listing.swift in Sources */ = {isa = PBXBuildFile; fileRef = 66EB268D22B6D36300824102 /* Listing.swift */; };
		66EB269022B6D3DB00824102 /* Thing.swift in Sources */ = {isa = PBXBuildFile; fileRef = 66EB268F22B6D3DB00824102 /* Thing.swift */; };
		66EB269222B7110900824102 /* PromiseKit.framework in Frameworks */ = {isa = PBXBuildFile; fileRef = 66EB269122B7110900824102 /* PromiseKit.framework */; };
		66EB269922B87A7F00824102 /* LinkViewController.swift in Sources */ = {isa = PBXBuildFile; fileRef = 66EB269822B87A7F00824102 /* LinkViewController.swift */; };
		66EB269B22B87FA500824102 /* SnapKit.framework in Frameworks */ = {isa = PBXBuildFile; fileRef = 66EB269A22B87FA500824102 /* SnapKit.framework */; };
		66EB269E22B9A98600824102 /* LinkTableViewRow.swift in Sources */ = {isa = PBXBuildFile; fileRef = 66EB269D22B9A98600824102 /* LinkTableViewRow.swift */; };
		66EB26A122B9B9CF00824102 /* NSLabel.swift in Sources */ = {isa = PBXBuildFile; fileRef = 66EB26A022B9B9CF00824102 /* NSLabel.swift */; };
		66EB26A322BB291800824102 /* OAuthRetryHandler.swift in Sources */ = {isa = PBXBuildFile; fileRef = 66EB26A222BB291800824102 /* OAuthRetryHandler.swift */; };
		66EB26A522BB2AEC00824102 /* RedditAPI.swift in Sources */ = {isa = PBXBuildFile; fileRef = 66EB26A422BB2AEC00824102 /* RedditAPI.swift */; };
		66EB26A722BC6C2F00824102 /* Message.swift in Sources */ = {isa = PBXBuildFile; fileRef = 66EB26A622BC6C2F00824102 /* Message.swift */; };
		66EB26A922BE73BB00824102 /* Comment.swift in Sources */ = {isa = PBXBuildFile; fileRef = 66EB26A822BE73BB00824102 /* Comment.swift */; };
		66EB26AB22BE7A0100824102 /* CommentsResponse.swift in Sources */ = {isa = PBXBuildFile; fileRef = 66EB26AA22BE7A0100824102 /* CommentsResponse.swift */; };
		66EB26AD22BE89AD00824102 /* CommentListing.swift in Sources */ = {isa = PBXBuildFile; fileRef = 66EB26AC22BE89AD00824102 /* CommentListing.swift */; };
		66EB26AF22BEA3EC00824102 /* CommentMore.swift in Sources */ = {isa = PBXBuildFile; fileRef = 66EB26AE22BEA3EC00824102 /* CommentMore.swift */; };
		66EB26B822BEB03A00824102 /* ListingTableViewRow.swift in Sources */ = {isa = PBXBuildFile; fileRef = 66EB26B722BEB03A00824102 /* ListingTableViewRow.swift */; };
		66EB26BB22BFBD2100824102 /* ListingTableView.swift in Sources */ = {isa = PBXBuildFile; fileRef = 66EB26BA22BFBD2100824102 /* ListingTableView.swift */; };
		66EB26BD22BFC35000824102 /* NSViewController+Children.swift in Sources */ = {isa = PBXBuildFile; fileRef = 66EB26BC22BFC35000824102 /* NSViewController+Children.swift */; };
		66EB26BF22BFCA6300824102 /* SplitContentViewController.swift in Sources */ = {isa = PBXBuildFile; fileRef = 66EB26BE22BFCA6300824102 /* SplitContentViewController.swift */; };
		66EB26C122BFCAD500824102 /* WebContentViewController.swift in Sources */ = {isa = PBXBuildFile; fileRef = 66EB26C022BFCAD500824102 /* WebContentViewController.swift */; };
		66EB26C322BFCEC000824102 /* WebKit.framework in Frameworks */ = {isa = PBXBuildFile; fileRef = 66EB26C222BFCEC000824102 /* WebKit.framework */; };
/* End PBXBuildFile section */

/* Begin PBXContainerItemProxy section */
		6617349622B69D6D005F557F /* PBXContainerItemProxy */ = {
			isa = PBXContainerItemProxy;
			containerPortal = 6617347D22B69D6C005F557F /* Project object */;
			proxyType = 1;
			remoteGlobalIDString = 6617348422B69D6C005F557F;
			remoteInfo = Reddit;
		};
		661734A122B69D6D005F557F /* PBXContainerItemProxy */ = {
			isa = PBXContainerItemProxy;
			containerPortal = 6617347D22B69D6C005F557F /* Project object */;
			proxyType = 1;
			remoteGlobalIDString = 6617348422B69D6C005F557F;
			remoteInfo = Reddit;
		};
/* End PBXContainerItemProxy section */

/* Begin PBXFileReference section */
		6608D5D222DAE278008C1C6D /* CommentViewController.swift */ = {isa = PBXFileReference; lastKnownFileType = sourcecode.swift; path = CommentViewController.swift; sourceTree = "<group>"; };
		6608D5D422DAE45C008C1C6D /* CommentTableViewRow.swift */ = {isa = PBXFileReference; lastKnownFileType = sourcecode.swift; path = CommentTableViewRow.swift; sourceTree = "<group>"; };
		6608D5D622DB7708008C1C6D /* CommentsTableView.swift */ = {isa = PBXFileReference; lastKnownFileType = sourcecode.swift; path = CommentsTableView.swift; sourceTree = "<group>"; };
		6608D5DD22DB9105008C1C6D /* DisplayedComment.swift */ = {isa = PBXFileReference; lastKnownFileType = sourcecode.swift; path = DisplayedComment.swift; sourceTree = "<group>"; };
		6608D5DF22DB990B008C1C6D /* MoreCommentsResponse.swift */ = {isa = PBXFileReference; lastKnownFileType = sourcecode.swift; path = MoreCommentsResponse.swift; sourceTree = "<group>"; };
		6617348522B69D6C005F557F /* Reddit.app */ = {isa = PBXFileReference; explicitFileType = wrapper.application; includeInIndex = 0; path = Reddit.app; sourceTree = BUILT_PRODUCTS_DIR; };
		6617348822B69D6C005F557F /* AppDelegate.swift */ = {isa = PBXFileReference; lastKnownFileType = sourcecode.swift; path = AppDelegate.swift; sourceTree = "<group>"; };
		6617348A22B69D6D005F557F /* Assets.xcassets */ = {isa = PBXFileReference; lastKnownFileType = folder.assetcatalog; path = Assets.xcassets; sourceTree = "<group>"; };
		6617348D22B69D6D005F557F /* Base */ = {isa = PBXFileReference; lastKnownFileType = file.xib; name = Base; path = Base.lproj/MainMenu.xib; sourceTree = "<group>"; };
		6617348F22B69D6D005F557F /* Info.plist */ = {isa = PBXFileReference; lastKnownFileType = text.plist.xml; path = Info.plist; sourceTree = "<group>"; };
		6617349022B69D6D005F557F /* Reddit.entitlements */ = {isa = PBXFileReference; lastKnownFileType = text.plist.entitlements; path = Reddit.entitlements; sourceTree = "<group>"; };
		6617349522B69D6D005F557F /* RedditTests.xctest */ = {isa = PBXFileReference; explicitFileType = wrapper.cfbundle; includeInIndex = 0; path = RedditTests.xctest; sourceTree = BUILT_PRODUCTS_DIR; };
		6617349922B69D6D005F557F /* RedditTests.swift */ = {isa = PBXFileReference; lastKnownFileType = sourcecode.swift; path = RedditTests.swift; sourceTree = "<group>"; };
		6617349B22B69D6D005F557F /* Info.plist */ = {isa = PBXFileReference; lastKnownFileType = text.plist.xml; path = Info.plist; sourceTree = "<group>"; };
		661734A022B69D6D005F557F /* RedditUITests.xctest */ = {isa = PBXFileReference; explicitFileType = wrapper.cfbundle; includeInIndex = 0; path = RedditUITests.xctest; sourceTree = BUILT_PRODUCTS_DIR; };
		661734A422B69D6D005F557F /* RedditUITests.swift */ = {isa = PBXFileReference; lastKnownFileType = sourcecode.swift; path = RedditUITests.swift; sourceTree = "<group>"; };
		661734A622B69D6D005F557F /* Info.plist */ = {isa = PBXFileReference; lastKnownFileType = text.plist.xml; path = Info.plist; sourceTree = "<group>"; };
		661734BB22B6A5F5005F557F /* OAuthManager.swift */ = {isa = PBXFileReference; lastKnownFileType = sourcecode.swift; path = OAuthManager.swift; sourceTree = "<group>"; };
		661734C722B6ADCF005F557F /* Moya.framework */ = {isa = PBXFileReference; lastKnownFileType = wrapper.framework; name = Moya.framework; path = Carthage/Build/Mac/Moya.framework; sourceTree = "<group>"; };
		661734C822B6ADCF005F557F /* Alamofire.framework */ = {isa = PBXFileReference; lastKnownFileType = wrapper.framework; name = Alamofire.framework; path = Carthage/Build/Mac/Alamofire.framework; sourceTree = "<group>"; };
		661734C922B6ADCF005F557F /* OAuth2.framework */ = {isa = PBXFileReference; lastKnownFileType = wrapper.framework; name = OAuth2.framework; path = Carthage/Build/Mac/OAuth2.framework; sourceTree = "<group>"; };
		661734CF22B6B13B005F557F /* RedditAPITarget.swift */ = {isa = PBXFileReference; lastKnownFileType = sourcecode.swift; path = RedditAPITarget.swift; sourceTree = "<group>"; };
		661734D122B6B669005F557F /* Result.framework */ = {isa = PBXFileReference; lastKnownFileType = wrapper.framework; name = Result.framework; path = Carthage/Build/Mac/Result.framework; sourceTree = "<group>"; };
		661734D822B6CF13005F557F /* Created.swift */ = {isa = PBXFileReference; lastKnownFileType = sourcecode.swift; path = Created.swift; sourceTree = "<group>"; };
		661734DA22B6CF43005F557F /* Votable.swift */ = {isa = PBXFileReference; lastKnownFileType = sourcecode.swift; path = Votable.swift; sourceTree = "<group>"; };
		661734DC22B6CF83005F557F /* Link.swift */ = {isa = PBXFileReference; lastKnownFileType = sourcecode.swift; path = Link.swift; sourceTree = "<group>"; };
		663DA94B22BFE6A6002D0D25 /* SelfPostViewController.swift */ = {isa = PBXFileReference; lastKnownFileType = sourcecode.swift; path = SelfPostViewController.swift; sourceTree = "<group>"; };
		665EACEA22FBAB7400D00584 /* MainViewController.swift */ = {isa = PBXFileReference; lastKnownFileType = sourcecode.swift; path = MainViewController.swift; sourceTree = "<group>"; };
		665EACED22FBB06200D00584 /* SidebarTableView.swift */ = {isa = PBXFileReference; lastKnownFileType = sourcecode.swift; path = SidebarTableView.swift; sourceTree = "<group>"; };
		665EACEF22FBB16D00D00584 /* SidebarItem.swift */ = {isa = PBXFileReference; lastKnownFileType = sourcecode.swift; path = SidebarItem.swift; sourceTree = "<group>"; };
		665EACF222FBB23200D00584 /* SidebarTableViewRow.swift */ = {isa = PBXFileReference; lastKnownFileType = sourcecode.swift; path = SidebarTableViewRow.swift; sourceTree = "<group>"; };
		665EACF422FBB2F600D00584 /* SidebarView.swift */ = {isa = PBXFileReference; lastKnownFileType = sourcecode.swift; path = SidebarView.swift; sourceTree = "<group>"; };
		66EB268D22B6D36300824102 /* Listing.swift */ = {isa = PBXFileReference; lastKnownFileType = sourcecode.swift; name = Listing.swift; path = Reddit/Networking/APIs/Reddit/Models/Listing.swift; sourceTree = SOURCE_ROOT; };
		66EB268F22B6D3DB00824102 /* Thing.swift */ = {isa = PBXFileReference; lastKnownFileType = sourcecode.swift; path = Thing.swift; sourceTree = "<group>"; };
		66EB269122B7110900824102 /* PromiseKit.framework */ = {isa = PBXFileReference; lastKnownFileType = wrapper.framework; name = PromiseKit.framework; path = Carthage/Build/Mac/PromiseKit.framework; sourceTree = "<group>"; };
		66EB269822B87A7F00824102 /* LinkViewController.swift */ = {isa = PBXFileReference; lastKnownFileType = sourcecode.swift; path = LinkViewController.swift; sourceTree = "<group>"; };
		66EB269A22B87FA500824102 /* SnapKit.framework */ = {isa = PBXFileReference; lastKnownFileType = wrapper.framework; name = SnapKit.framework; path = Carthage/Build/Mac/SnapKit.framework; sourceTree = "<group>"; };
		66EB269D22B9A98600824102 /* LinkTableViewRow.swift */ = {isa = PBXFileReference; lastKnownFileType = sourcecode.swift; path = LinkTableViewRow.swift; sourceTree = "<group>"; };
		66EB26A022B9B9CF00824102 /* NSLabel.swift */ = {isa = PBXFileReference; lastKnownFileType = sourcecode.swift; path = NSLabel.swift; sourceTree = "<group>"; };
		66EB26A222BB291800824102 /* OAuthRetryHandler.swift */ = {isa = PBXFileReference; lastKnownFileType = sourcecode.swift; path = OAuthRetryHandler.swift; sourceTree = "<group>"; };
		66EB26A422BB2AEC00824102 /* RedditAPI.swift */ = {isa = PBXFileReference; lastKnownFileType = sourcecode.swift; path = RedditAPI.swift; sourceTree = "<group>"; };
		66EB26A622BC6C2F00824102 /* Message.swift */ = {isa = PBXFileReference; lastKnownFileType = sourcecode.swift; path = Message.swift; sourceTree = "<group>"; };
		66EB26A822BE73BB00824102 /* Comment.swift */ = {isa = PBXFileReference; lastKnownFileType = sourcecode.swift; path = Comment.swift; sourceTree = "<group>"; };
		66EB26AA22BE7A0100824102 /* CommentsResponse.swift */ = {isa = PBXFileReference; lastKnownFileType = sourcecode.swift; path = CommentsResponse.swift; sourceTree = "<group>"; };
		66EB26AC22BE89AD00824102 /* CommentListing.swift */ = {isa = PBXFileReference; lastKnownFileType = sourcecode.swift; path = CommentListing.swift; sourceTree = "<group>"; };
		66EB26AE22BEA3EC00824102 /* CommentMore.swift */ = {isa = PBXFileReference; lastKnownFileType = sourcecode.swift; path = CommentMore.swift; sourceTree = "<group>"; };
		66EB26B722BEB03A00824102 /* ListingTableViewRow.swift */ = {isa = PBXFileReference; lastKnownFileType = sourcecode.swift; path = ListingTableViewRow.swift; sourceTree = "<group>"; };
		66EB26BA22BFBD2100824102 /* ListingTableView.swift */ = {isa = PBXFileReference; lastKnownFileType = sourcecode.swift; path = ListingTableView.swift; sourceTree = "<group>"; };
		66EB26BC22BFC35000824102 /* NSViewController+Children.swift */ = {isa = PBXFileReference; lastKnownFileType = sourcecode.swift; path = "NSViewController+Children.swift"; sourceTree = "<group>"; };
		66EB26BE22BFCA6300824102 /* SplitContentViewController.swift */ = {isa = PBXFileReference; lastKnownFileType = sourcecode.swift; path = SplitContentViewController.swift; sourceTree = "<group>"; };
		66EB26C022BFCAD500824102 /* WebContentViewController.swift */ = {isa = PBXFileReference; lastKnownFileType = sourcecode.swift; path = WebContentViewController.swift; sourceTree = "<group>"; };
		66EB26C222BFCEC000824102 /* WebKit.framework */ = {isa = PBXFileReference; lastKnownFileType = wrapper.framework; name = WebKit.framework; path = System/Library/Frameworks/WebKit.framework; sourceTree = SDKROOT; };
/* End PBXFileReference section */

/* Begin PBXFrameworksBuildPhase section */
		6617348222B69D6C005F557F /* Frameworks */ = {
			isa = PBXFrameworksBuildPhase;
			buildActionMask = 2147483647;
			files = (
				66EB26C322BFCEC000824102 /* WebKit.framework in Frameworks */,
				66EB269B22B87FA500824102 /* SnapKit.framework in Frameworks */,
				66EB269222B7110900824102 /* PromiseKit.framework in Frameworks */,
				661734D222B6B669005F557F /* Result.framework in Frameworks */,
				661734CA22B6ADCF005F557F /* Moya.framework in Frameworks */,
				661734CB22B6ADCF005F557F /* Alamofire.framework in Frameworks */,
				661734CC22B6ADCF005F557F /* OAuth2.framework in Frameworks */,
			);
			runOnlyForDeploymentPostprocessing = 0;
		};
		6617349222B69D6D005F557F /* Frameworks */ = {
			isa = PBXFrameworksBuildPhase;
			buildActionMask = 2147483647;
			files = (
			);
			runOnlyForDeploymentPostprocessing = 0;
		};
		6617349D22B69D6D005F557F /* Frameworks */ = {
			isa = PBXFrameworksBuildPhase;
			buildActionMask = 2147483647;
			files = (
			);
			runOnlyForDeploymentPostprocessing = 0;
		};
/* End PBXFrameworksBuildPhase section */

/* Begin PBXGroup section */
		6608D5DC22DB90EC008C1C6D /* Models */ = {
			isa = PBXGroup;
			children = (
				6608D5DD22DB9105008C1C6D /* DisplayedComment.swift */,
				665EACEF22FBB16D00D00584 /* SidebarItem.swift */,
			);
			path = Models;
			sourceTree = "<group>";
		};
		6617347C22B69D6C005F557F = {
			isa = PBXGroup;
			children = (
				6617348722B69D6C005F557F /* Reddit */,
				6617349822B69D6D005F557F /* RedditTests */,
				661734A322B69D6D005F557F /* RedditUITests */,
				661734BD22B6ACA6005F557F /* Frameworks */,
				6617348622B69D6C005F557F /* Products */,
			);
			sourceTree = "<group>";
		};
		6617348622B69D6C005F557F /* Products */ = {
			isa = PBXGroup;
			children = (
				6617348522B69D6C005F557F /* Reddit.app */,
				6617349522B69D6D005F557F /* RedditTests.xctest */,
				661734A022B69D6D005F557F /* RedditUITests.xctest */,
			);
			name = Products;
			sourceTree = "<group>";
		};
		6617348722B69D6C005F557F /* Reddit */ = {
			isa = PBXGroup;
			children = (
				66EB269722B87A5F00824102 /* Controllers */,
				661734BA22B6A5E1005F557F /* Networking */,
				6617348822B69D6C005F557F /* AppDelegate.swift */,
				6617348A22B69D6D005F557F /* Assets.xcassets */,
				6617348C22B69D6D005F557F /* MainMenu.xib */,
				6617348F22B69D6D005F557F /* Info.plist */,
				6617349022B69D6D005F557F /* Reddit.entitlements */,
			);
			path = Reddit;
			sourceTree = "<group>";
		};
		6617349822B69D6D005F557F /* RedditTests */ = {
			isa = PBXGroup;
			children = (
				6617349922B69D6D005F557F /* RedditTests.swift */,
				6617349B22B69D6D005F557F /* Info.plist */,
			);
			path = RedditTests;
			sourceTree = "<group>";
		};
		661734A322B69D6D005F557F /* RedditUITests */ = {
			isa = PBXGroup;
			children = (
				661734A422B69D6D005F557F /* RedditUITests.swift */,
				661734A622B69D6D005F557F /* Info.plist */,
			);
			path = RedditUITests;
			sourceTree = "<group>";
		};
		661734BA22B6A5E1005F557F /* Networking */ = {
			isa = PBXGroup;
			children = (
				661734CE22B6B12D005F557F /* APIs */,
				661734BB22B6A5F5005F557F /* OAuthManager.swift */,
				66EB26A222BB291800824102 /* OAuthRetryHandler.swift */,
			);
			path = Networking;
			sourceTree = "<group>";
		};
		661734BD22B6ACA6005F557F /* Frameworks */ = {
			isa = PBXGroup;
			children = (
				66EB26C222BFCEC000824102 /* WebKit.framework */,
				66EB269A22B87FA500824102 /* SnapKit.framework */,
				66EB269122B7110900824102 /* PromiseKit.framework */,
				661734D122B6B669005F557F /* Result.framework */,
				661734C822B6ADCF005F557F /* Alamofire.framework */,
				661734C722B6ADCF005F557F /* Moya.framework */,
				661734C922B6ADCF005F557F /* OAuth2.framework */,
			);
			name = Frameworks;
			sourceTree = "<group>";
		};
		661734CE22B6B12D005F557F /* APIs */ = {
			isa = PBXGroup;
			children = (
				661734D322B6B886005F557F /* Reddit */,
			);
			path = APIs;
			sourceTree = "<group>";
		};
		661734D322B6B886005F557F /* Reddit */ = {
			isa = PBXGroup;
			children = (
				661734D422B6B88F005F557F /* Models */,
				661734CF22B6B13B005F557F /* RedditAPITarget.swift */,
				66EB26A422BB2AEC00824102 /* RedditAPI.swift */,
			);
			path = Reddit;
			sourceTree = "<group>";
		};
		661734D422B6B88F005F557F /* Models */ = {
			isa = PBXGroup;
			children = (
				661734D722B6CF02005F557F /* Protocol */,
				66EB268D22B6D36300824102 /* Listing.swift */,
				661734DC22B6CF83005F557F /* Link.swift */,
				66EB26A622BC6C2F00824102 /* Message.swift */,
				66EB26A822BE73BB00824102 /* Comment.swift */,
				66EB26AA22BE7A0100824102 /* CommentsResponse.swift */,
				66EB26AC22BE89AD00824102 /* CommentListing.swift */,
				66EB26AE22BEA3EC00824102 /* CommentMore.swift */,
				6608D5DF22DB990B008C1C6D /* MoreCommentsResponse.swift */,
			);
			path = Models;
			sourceTree = "<group>";
		};
		661734D722B6CF02005F557F /* Protocol */ = {
			isa = PBXGroup;
			children = (
				661734D822B6CF13005F557F /* Created.swift */,
				66EB268F22B6D3DB00824102 /* Thing.swift */,
				661734DA22B6CF43005F557F /* Votable.swift */,
			);
			path = Protocol;
			sourceTree = "<group>";
		};
		665EACF122FBB21600D00584 /* Rows */ = {
			isa = PBXGroup;
			children = (
				66EB26B722BEB03A00824102 /* ListingTableViewRow.swift */,
				66EB269D22B9A98600824102 /* LinkTableViewRow.swift */,
				6608D5D422DAE45C008C1C6D /* CommentTableViewRow.swift */,
				665EACF222FBB23200D00584 /* SidebarTableViewRow.swift */,
			);
			path = Rows;
			sourceTree = "<group>";
		};
		66EB269722B87A5F00824102 /* Controllers */ = {
			isa = PBXGroup;
			children = (
				66EB269C22B9A95E00824102 /* Views */,
				66EB26BE22BFCA6300824102 /* SplitContentViewController.swift */,
				66EB269822B87A7F00824102 /* LinkViewController.swift */,
				66EB26C022BFCAD500824102 /* WebContentViewController.swift */,
				663DA94B22BFE6A6002D0D25 /* SelfPostViewController.swift */,
				6608D5D222DAE278008C1C6D /* CommentViewController.swift */,
				665EACEA22FBAB7400D00584 /* MainViewController.swift */,
			);
			path = Controllers;
			sourceTree = "<group>";
		};
		66EB269C22B9A95E00824102 /* Views */ = {
			isa = PBXGroup;
			children = (
				66EB26B922BFBD0300824102 /* TableView */,
				66EB269F22B9B9C100824102 /* Convenience */,
				665EACF422FBB2F600D00584 /* SidebarView.swift */,
			);
			path = Views;
			sourceTree = "<group>";
		};
		66EB269F22B9B9C100824102 /* Convenience */ = {
			isa = PBXGroup;
			children = (
				66EB26A022B9B9CF00824102 /* NSLabel.swift */,
				66EB26BC22BFC35000824102 /* NSViewController+Children.swift */,
			);
			path = Convenience;
			sourceTree = "<group>";
		};
		66EB26B922BFBD0300824102 /* TableView */ = {
			isa = PBXGroup;
			children = (
				665EACF122FBB21600D00584 /* Rows */,
				6608D5DC22DB90EC008C1C6D /* Models */,
				66EB26BA22BFBD2100824102 /* ListingTableView.swift */,
				6608D5D622DB7708008C1C6D /* CommentsTableView.swift */,
				665EACED22FBB06200D00584 /* SidebarTableView.swift */,
			);
			path = TableView;
			sourceTree = "<group>";
		};
/* End PBXGroup section */

/* Begin PBXNativeTarget section */
		6617348422B69D6C005F557F /* Reddit */ = {
			isa = PBXNativeTarget;
			buildConfigurationList = 661734A922B69D6D005F557F /* Build configuration list for PBXNativeTarget "Reddit" */;
			buildPhases = (
				6617348122B69D6C005F557F /* Sources */,
				6617348222B69D6C005F557F /* Frameworks */,
				6617348322B69D6C005F557F /* Resources */,
				661734CD22B6ADE8005F557F /* ShellScript */,
			);
			buildRules = (
			);
			dependencies = (
			);
			name = Reddit;
			productName = Reddit;
			productReference = 6617348522B69D6C005F557F /* Reddit.app */;
			productType = "com.apple.product-type.application";
		};
		6617349422B69D6D005F557F /* RedditTests */ = {
			isa = PBXNativeTarget;
			buildConfigurationList = 661734AC22B69D6D005F557F /* Build configuration list for PBXNativeTarget "RedditTests" */;
			buildPhases = (
				6617349122B69D6D005F557F /* Sources */,
				6617349222B69D6D005F557F /* Frameworks */,
				6617349322B69D6D005F557F /* Resources */,
			);
			buildRules = (
			);
			dependencies = (
				6617349722B69D6D005F557F /* PBXTargetDependency */,
			);
			name = RedditTests;
			productName = RedditTests;
			productReference = 6617349522B69D6D005F557F /* RedditTests.xctest */;
			productType = "com.apple.product-type.bundle.unit-test";
		};
		6617349F22B69D6D005F557F /* RedditUITests */ = {
			isa = PBXNativeTarget;
			buildConfigurationList = 661734AF22B69D6D005F557F /* Build configuration list for PBXNativeTarget "RedditUITests" */;
			buildPhases = (
				6617349C22B69D6D005F557F /* Sources */,
				6617349D22B69D6D005F557F /* Frameworks */,
				6617349E22B69D6D005F557F /* Resources */,
			);
			buildRules = (
			);
			dependencies = (
				661734A222B69D6D005F557F /* PBXTargetDependency */,
			);
			name = RedditUITests;
			productName = RedditUITests;
			productReference = 661734A022B69D6D005F557F /* RedditUITests.xctest */;
			productType = "com.apple.product-type.bundle.ui-testing";
		};
/* End PBXNativeTarget section */

/* Begin PBXProject section */
		6617347D22B69D6C005F557F /* Project object */ = {
			isa = PBXProject;
			attributes = {
				LastSwiftUpdateCheck = 1020;
				LastUpgradeCheck = 1020;
				ORGANIZATIONNAME = "Adam Gastineau";
				TargetAttributes = {
					6617348422B69D6C005F557F = {
						CreatedOnToolsVersion = 10.2.1;
						SystemCapabilities = {
							com.apple.Sandbox = {
								enabled = 1;
							};
						};
					};
					6617349422B69D6D005F557F = {
						CreatedOnToolsVersion = 10.2.1;
						TestTargetID = 6617348422B69D6C005F557F;
					};
					6617349F22B69D6D005F557F = {
						CreatedOnToolsVersion = 10.2.1;
						TestTargetID = 6617348422B69D6C005F557F;
					};
				};
			};
			buildConfigurationList = 6617348022B69D6C005F557F /* Build configuration list for PBXProject "Reddit" */;
			compatibilityVersion = "Xcode 9.3";
			developmentRegion = en;
			hasScannedForEncodings = 0;
			knownRegions = (
				en,
				Base,
			);
			mainGroup = 6617347C22B69D6C005F557F;
			productRefGroup = 6617348622B69D6C005F557F /* Products */;
			projectDirPath = "";
			projectRoot = "";
			targets = (
				6617348422B69D6C005F557F /* Reddit */,
				6617349422B69D6D005F557F /* RedditTests */,
				6617349F22B69D6D005F557F /* RedditUITests */,
			);
		};
/* End PBXProject section */

/* Begin PBXResourcesBuildPhase section */
		6617348322B69D6C005F557F /* Resources */ = {
			isa = PBXResourcesBuildPhase;
			buildActionMask = 2147483647;
			files = (
				6617348B22B69D6D005F557F /* Assets.xcassets in Resources */,
				6617348E22B69D6D005F557F /* MainMenu.xib in Resources */,
			);
			runOnlyForDeploymentPostprocessing = 0;
		};
		6617349322B69D6D005F557F /* Resources */ = {
			isa = PBXResourcesBuildPhase;
			buildActionMask = 2147483647;
			files = (
			);
			runOnlyForDeploymentPostprocessing = 0;
		};
		6617349E22B69D6D005F557F /* Resources */ = {
			isa = PBXResourcesBuildPhase;
			buildActionMask = 2147483647;
			files = (
			);
			runOnlyForDeploymentPostprocessing = 0;
		};
/* End PBXResourcesBuildPhase section */

/* Begin PBXShellScriptBuildPhase section */
		661734CD22B6ADE8005F557F /* ShellScript */ = {
			isa = PBXShellScriptBuildPhase;
			buildActionMask = 2147483647;
			files = (
			);
			inputFileListPaths = (
			);
			inputPaths = (
				"$(SRCROOT)/Carthage/Build/Mac/Alamofire.framework",
				"$(SRCROOT)/Carthage/Build/Mac/Moya.framework",
				"$(SRCROOT)/Carthage/Build/Mac/OAuth2.framework",
				"$(SRCROOT)/Carthage/Build/Mac/Result.framework",
				"$(SRCROOT)/Carthage/Build/Mac/PromiseKit.framework",
				"$(SRCROOT)/Carthage/Build/Mac/SnapKit.framework",
			);
			outputFileListPaths = (
			);
			outputPaths = (
				"$(BUILT_PRODUCTS_DIR)/$(FRAMEWORKS_FOLDER_PATH)/Alamofire.framework",
				"$(BUILT_PRODUCTS_DIR)/$(FRAMEWORKS_FOLDER_PATH)/Moya.framework",
				"$(BUILT_PRODUCTS_DIR)/$(FRAMEWORKS_FOLDER_PATH)/OAuth2.framework",
				"$(BUILT_PRODUCTS_DIR)/$(FRAMEWORKS_FOLDER_PATH)/Result.framework",
				"$(BUILT_PRODUCTS_DIR)/$(FRAMEWORKS_FOLDER_PATH)/PromiseKit.framework",
				"$(BUILT_PRODUCTS_DIR)/$(FRAMEWORKS_FOLDER_PATH)/SnapKit.framework",
			);
			runOnlyForDeploymentPostprocessing = 0;
			shellPath = /bin/sh;
			shellScript = "# Type a script or drag a script file from your workspace to insert its path.\n/usr/local/bin/carthage copy-frameworks\n";
		};
/* End PBXShellScriptBuildPhase section */

/* Begin PBXSourcesBuildPhase section */
		6617348122B69D6C005F557F /* Sources */ = {
			isa = PBXSourcesBuildPhase;
			buildActionMask = 2147483647;
			files = (
				6608D5D322DAE278008C1C6D /* CommentViewController.swift in Sources */,
				66EB26A522BB2AEC00824102 /* RedditAPI.swift in Sources */,
				665EACF522FBB2F600D00584 /* SidebarView.swift in Sources */,
				66EB26BF22BFCA6300824102 /* SplitContentViewController.swift in Sources */,
				66EB269022B6D3DB00824102 /* Thing.swift in Sources */,
				6617348922B69D6C005F557F /* AppDelegate.swift in Sources */,
				66EB26BB22BFBD2100824102 /* ListingTableView.swift in Sources */,
				66EB268E22B6D36300824102 /* Listing.swift in Sources */,
				66EB26A322BB291800824102 /* OAuthRetryHandler.swift in Sources */,
				66EB26BD22BFC35000824102 /* NSViewController+Children.swift in Sources */,
				66EB26B822BEB03A00824102 /* ListingTableViewRow.swift in Sources */,
				661734DB22B6CF43005F557F /* Votable.swift in Sources */,
				66EB26AB22BE7A0100824102 /* CommentsResponse.swift in Sources */,
				66EB269922B87A7F00824102 /* LinkViewController.swift in Sources */,
				661734BC22B6A5F5005F557F /* OAuthManager.swift in Sources */,
				665EACEE22FBB06200D00584 /* SidebarTableView.swift in Sources */,
				6608D5DE22DB9105008C1C6D /* DisplayedComment.swift in Sources */,
				661734DD22B6CF83005F557F /* Link.swift in Sources */,
				665EACF322FBB23200D00584 /* SidebarTableViewRow.swift in Sources */,
				661734D922B6CF13005F557F /* Created.swift in Sources */,
				665EACEB22FBAB7400D00584 /* MainViewController.swift in Sources */,
				661734D022B6B13B005F557F /* RedditAPITarget.swift in Sources */,
				66EB26AF22BEA3EC00824102 /* CommentMore.swift in Sources */,
				66EB26C122BFCAD500824102 /* WebContentViewController.swift in Sources */,
				66EB26A922BE73BB00824102 /* Comment.swift in Sources */,
				66EB269E22B9A98600824102 /* LinkTableViewRow.swift in Sources */,
				66EB26AD22BE89AD00824102 /* CommentListing.swift in Sources */,
				66EB26A722BC6C2F00824102 /* Message.swift in Sources */,
				663DA94C22BFE6A6002D0D25 /* SelfPostViewController.swift in Sources */,
				665EACF022FBB16D00D00584 /* SidebarItem.swift in Sources */,
				66EB26A122B9B9CF00824102 /* NSLabel.swift in Sources */,
				6608D5E022DB990B008C1C6D /* MoreCommentsResponse.swift in Sources */,
				6608D5D522DAE45C008C1C6D /* CommentTableViewRow.swift in Sources */,
				6608D5D722DB7708008C1C6D /* CommentsTableView.swift in Sources */,
			);
			runOnlyForDeploymentPostprocessing = 0;
		};
		6617349122B69D6D005F557F /* Sources */ = {
			isa = PBXSourcesBuildPhase;
			buildActionMask = 2147483647;
			files = (
				6617349A22B69D6D005F557F /* RedditTests.swift in Sources */,
			);
			runOnlyForDeploymentPostprocessing = 0;
		};
		6617349C22B69D6D005F557F /* Sources */ = {
			isa = PBXSourcesBuildPhase;
			buildActionMask = 2147483647;
			files = (
				661734A522B69D6D005F557F /* RedditUITests.swift in Sources */,
			);
			runOnlyForDeploymentPostprocessing = 0;
		};
/* End PBXSourcesBuildPhase section */

/* Begin PBXTargetDependency section */
		6617349722B69D6D005F557F /* PBXTargetDependency */ = {
			isa = PBXTargetDependency;
			target = 6617348422B69D6C005F557F /* Reddit */;
			targetProxy = 6617349622B69D6D005F557F /* PBXContainerItemProxy */;
		};
		661734A222B69D6D005F557F /* PBXTargetDependency */ = {
			isa = PBXTargetDependency;
			target = 6617348422B69D6C005F557F /* Reddit */;
			targetProxy = 661734A122B69D6D005F557F /* PBXContainerItemProxy */;
		};
/* End PBXTargetDependency section */

/* Begin PBXVariantGroup section */
		6617348C22B69D6D005F557F /* MainMenu.xib */ = {
			isa = PBXVariantGroup;
			children = (
				6617348D22B69D6D005F557F /* Base */,
			);
			name = MainMenu.xib;
			sourceTree = "<group>";
		};
/* End PBXVariantGroup section */

/* Begin XCBuildConfiguration section */
		661734A722B69D6D005F557F /* Debug */ = {
			isa = XCBuildConfiguration;
			buildSettings = {
				ALWAYS_SEARCH_USER_PATHS = NO;
				CLANG_ANALYZER_NONNULL = YES;
				CLANG_ANALYZER_NUMBER_OBJECT_CONVERSION = YES_AGGRESSIVE;
				CLANG_CXX_LANGUAGE_STANDARD = "gnu++14";
				CLANG_CXX_LIBRARY = "libc++";
				CLANG_ENABLE_MODULES = YES;
				CLANG_ENABLE_OBJC_ARC = YES;
				CLANG_ENABLE_OBJC_WEAK = YES;
				CLANG_WARN_BLOCK_CAPTURE_AUTORELEASING = YES;
				CLANG_WARN_BOOL_CONVERSION = YES;
				CLANG_WARN_COMMA = YES;
				CLANG_WARN_CONSTANT_CONVERSION = YES;
				CLANG_WARN_DEPRECATED_OBJC_IMPLEMENTATIONS = YES;
				CLANG_WARN_DIRECT_OBJC_ISA_USAGE = YES_ERROR;
				CLANG_WARN_DOCUMENTATION_COMMENTS = YES;
				CLANG_WARN_EMPTY_BODY = YES;
				CLANG_WARN_ENUM_CONVERSION = YES;
				CLANG_WARN_INFINITE_RECURSION = YES;
				CLANG_WARN_INT_CONVERSION = YES;
				CLANG_WARN_NON_LITERAL_NULL_CONVERSION = YES;
				CLANG_WARN_OBJC_IMPLICIT_RETAIN_SELF = YES;
				CLANG_WARN_OBJC_LITERAL_CONVERSION = YES;
				CLANG_WARN_OBJC_ROOT_CLASS = YES_ERROR;
				CLANG_WARN_RANGE_LOOP_ANALYSIS = YES;
				CLANG_WARN_STRICT_PROTOTYPES = YES;
				CLANG_WARN_SUSPICIOUS_MOVE = YES;
				CLANG_WARN_UNGUARDED_AVAILABILITY = YES_AGGRESSIVE;
				CLANG_WARN_UNREACHABLE_CODE = YES;
				CLANG_WARN__DUPLICATE_METHOD_MATCH = YES;
				CODE_SIGN_IDENTITY = "-";
				COPY_PHASE_STRIP = NO;
				DEBUG_INFORMATION_FORMAT = dwarf;
				ENABLE_STRICT_OBJC_MSGSEND = YES;
				ENABLE_TESTABILITY = YES;
				GCC_C_LANGUAGE_STANDARD = gnu11;
				GCC_DYNAMIC_NO_PIC = NO;
				GCC_NO_COMMON_BLOCKS = YES;
				GCC_OPTIMIZATION_LEVEL = 0;
				GCC_PREPROCESSOR_DEFINITIONS = (
					"DEBUG=1",
					"$(inherited)",
				);
				GCC_WARN_64_TO_32_BIT_CONVERSION = YES;
				GCC_WARN_ABOUT_RETURN_TYPE = YES_ERROR;
				GCC_WARN_UNDECLARED_SELECTOR = YES;
				GCC_WARN_UNINITIALIZED_AUTOS = YES_AGGRESSIVE;
				GCC_WARN_UNUSED_FUNCTION = YES;
				GCC_WARN_UNUSED_VARIABLE = YES;
				MACOSX_DEPLOYMENT_TARGET = 10.14;
				MTL_ENABLE_DEBUG_INFO = INCLUDE_SOURCE;
				MTL_FAST_MATH = YES;
				ONLY_ACTIVE_ARCH = YES;
				SDKROOT = macosx;
				SWIFT_ACTIVE_COMPILATION_CONDITIONS = DEBUG;
				SWIFT_OPTIMIZATION_LEVEL = "-Onone";
			};
			name = Debug;
		};
		661734A822B69D6D005F557F /* Release */ = {
			isa = XCBuildConfiguration;
			buildSettings = {
				ALWAYS_SEARCH_USER_PATHS = NO;
				CLANG_ANALYZER_NONNULL = YES;
				CLANG_ANALYZER_NUMBER_OBJECT_CONVERSION = YES_AGGRESSIVE;
				CLANG_CXX_LANGUAGE_STANDARD = "gnu++14";
				CLANG_CXX_LIBRARY = "libc++";
				CLANG_ENABLE_MODULES = YES;
				CLANG_ENABLE_OBJC_ARC = YES;
				CLANG_ENABLE_OBJC_WEAK = YES;
				CLANG_WARN_BLOCK_CAPTURE_AUTORELEASING = YES;
				CLANG_WARN_BOOL_CONVERSION = YES;
				CLANG_WARN_COMMA = YES;
				CLANG_WARN_CONSTANT_CONVERSION = YES;
				CLANG_WARN_DEPRECATED_OBJC_IMPLEMENTATIONS = YES;
				CLANG_WARN_DIRECT_OBJC_ISA_USAGE = YES_ERROR;
				CLANG_WARN_DOCUMENTATION_COMMENTS = YES;
				CLANG_WARN_EMPTY_BODY = YES;
				CLANG_WARN_ENUM_CONVERSION = YES;
				CLANG_WARN_INFINITE_RECURSION = YES;
				CLANG_WARN_INT_CONVERSION = YES;
				CLANG_WARN_NON_LITERAL_NULL_CONVERSION = YES;
				CLANG_WARN_OBJC_IMPLICIT_RETAIN_SELF = YES;
				CLANG_WARN_OBJC_LITERAL_CONVERSION = YES;
				CLANG_WARN_OBJC_ROOT_CLASS = YES_ERROR;
				CLANG_WARN_RANGE_LOOP_ANALYSIS = YES;
				CLANG_WARN_STRICT_PROTOTYPES = YES;
				CLANG_WARN_SUSPICIOUS_MOVE = YES;
				CLANG_WARN_UNGUARDED_AVAILABILITY = YES_AGGRESSIVE;
				CLANG_WARN_UNREACHABLE_CODE = YES;
				CLANG_WARN__DUPLICATE_METHOD_MATCH = YES;
				CODE_SIGN_IDENTITY = "-";
				COPY_PHASE_STRIP = NO;
				DEBUG_INFORMATION_FORMAT = "dwarf-with-dsym";
				ENABLE_NS_ASSERTIONS = NO;
				ENABLE_STRICT_OBJC_MSGSEND = YES;
				GCC_C_LANGUAGE_STANDARD = gnu11;
				GCC_NO_COMMON_BLOCKS = YES;
				GCC_WARN_64_TO_32_BIT_CONVERSION = YES;
				GCC_WARN_ABOUT_RETURN_TYPE = YES_ERROR;
				GCC_WARN_UNDECLARED_SELECTOR = YES;
				GCC_WARN_UNINITIALIZED_AUTOS = YES_AGGRESSIVE;
				GCC_WARN_UNUSED_FUNCTION = YES;
				GCC_WARN_UNUSED_VARIABLE = YES;
				MACOSX_DEPLOYMENT_TARGET = 10.14;
				MTL_ENABLE_DEBUG_INFO = NO;
				MTL_FAST_MATH = YES;
				SDKROOT = macosx;
				SWIFT_COMPILATION_MODE = wholemodule;
				SWIFT_OPTIMIZATION_LEVEL = "-O";
			};
			name = Release;
		};
		661734AA22B69D6D005F557F /* Debug */ = {
			isa = XCBuildConfiguration;
			buildSettings = {
				ASSETCATALOG_COMPILER_APPICON_NAME = AppIcon;
				CODE_SIGN_ENTITLEMENTS = Reddit/Reddit.entitlements;
				CODE_SIGN_IDENTITY = "Mac Developer";
				CODE_SIGN_STYLE = Automatic;
				COMBINE_HIDPI_IMAGES = YES;
				DEVELOPMENT_TEAM = 58JLRGUCJQ;
				FRAMEWORK_SEARCH_PATHS = (
					"$(inherited)",
					"$(PROJECT_DIR)/Carthage/Build/Mac",
				);
				INFOPLIST_FILE = Reddit/Info.plist;
				LD_RUNPATH_SEARCH_PATHS = (
					"$(inherited)",
					"@executable_path/../Frameworks",
				);
				MACOSX_DEPLOYMENT_TARGET = 10.11;
				PRODUCT_BUNDLE_IDENTIFIER = com.appcannon.Reddit;
				PRODUCT_NAME = "$(TARGET_NAME)";
				PROVISIONING_PROFILE_SPECIFIER = "";
				SWIFT_VERSION = 5.0;
			};
			name = Debug;
		};
		661734AB22B69D6D005F557F /* Release */ = {
			isa = XCBuildConfiguration;
			buildSettings = {
				ASSETCATALOG_COMPILER_APPICON_NAME = AppIcon;
				CODE_SIGN_ENTITLEMENTS = Reddit/Reddit.entitlements;
				CODE_SIGN_IDENTITY = "Mac Developer";
				CODE_SIGN_STYLE = Automatic;
				COMBINE_HIDPI_IMAGES = YES;
				DEVELOPMENT_TEAM = 58JLRGUCJQ;
				FRAMEWORK_SEARCH_PATHS = (
					"$(inherited)",
					"$(PROJECT_DIR)/Carthage/Build/Mac",
				);
				INFOPLIST_FILE = Reddit/Info.plist;
				LD_RUNPATH_SEARCH_PATHS = (
					"$(inherited)",
					"@executable_path/../Frameworks",
				);
				MACOSX_DEPLOYMENT_TARGET = 10.11;
				PRODUCT_BUNDLE_IDENTIFIER = com.appcannon.Reddit;
				PRODUCT_NAME = "$(TARGET_NAME)";
				PROVISIONING_PROFILE_SPECIFIER = "";
				SWIFT_VERSION = 5.0;
			};
			name = Release;
		};
		661734AD22B69D6D005F557F /* Debug */ = {
			isa = XCBuildConfiguration;
			buildSettings = {
				ALWAYS_EMBED_SWIFT_STANDARD_LIBRARIES = YES;
				BUNDLE_LOADER = "$(TEST_HOST)";
				CODE_SIGN_STYLE = Automatic;
				COMBINE_HIDPI_IMAGES = YES;
				INFOPLIST_FILE = RedditTests/Info.plist;
				LD_RUNPATH_SEARCH_PATHS = (
					"$(inherited)",
					"@executable_path/../Frameworks",
					"@loader_path/../Frameworks",
				);
				PRODUCT_BUNDLE_IDENTIFIER = com.appcannon.RedditTests;
				PRODUCT_NAME = "$(TARGET_NAME)";
				SWIFT_VERSION = 5.0;
				TEST_HOST = "$(BUILT_PRODUCTS_DIR)/Reddit.app/Contents/MacOS/Reddit";
			};
			name = Debug;
		};
		661734AE22B69D6D005F557F /* Release */ = {
			isa = XCBuildConfiguration;
			buildSettings = {
				ALWAYS_EMBED_SWIFT_STANDARD_LIBRARIES = YES;
				BUNDLE_LOADER = "$(TEST_HOST)";
				CODE_SIGN_STYLE = Automatic;
				COMBINE_HIDPI_IMAGES = YES;
				INFOPLIST_FILE = RedditTests/Info.plist;
				LD_RUNPATH_SEARCH_PATHS = (
					"$(inherited)",
					"@executable_path/../Frameworks",
					"@loader_path/../Frameworks",
				);
				PRODUCT_BUNDLE_IDENTIFIER = com.appcannon.RedditTests;
				PRODUCT_NAME = "$(TARGET_NAME)";
				SWIFT_VERSION = 5.0;
				TEST_HOST = "$(BUILT_PRODUCTS_DIR)/Reddit.app/Contents/MacOS/Reddit";
			};
			name = Release;
		};
		661734B022B69D6D005F557F /* Debug */ = {
			isa = XCBuildConfiguration;
			buildSettings = {
				ALWAYS_EMBED_SWIFT_STANDARD_LIBRARIES = YES;
				CODE_SIGN_STYLE = Automatic;
				COMBINE_HIDPI_IMAGES = YES;
				INFOPLIST_FILE = RedditUITests/Info.plist;
				LD_RUNPATH_SEARCH_PATHS = (
					"$(inherited)",
					"@executable_path/../Frameworks",
					"@loader_path/../Frameworks",
				);
				PRODUCT_BUNDLE_IDENTIFIER = com.appcannon.RedditUITests;
				PRODUCT_NAME = "$(TARGET_NAME)";
				SWIFT_VERSION = 5.0;
				TEST_TARGET_NAME = Reddit;
			};
			name = Debug;
		};
		661734B122B69D6D005F557F /* Release */ = {
			isa = XCBuildConfiguration;
			buildSettings = {
				ALWAYS_EMBED_SWIFT_STANDARD_LIBRARIES = YES;
				CODE_SIGN_STYLE = Automatic;
				COMBINE_HIDPI_IMAGES = YES;
				INFOPLIST_FILE = RedditUITests/Info.plist;
				LD_RUNPATH_SEARCH_PATHS = (
					"$(inherited)",
					"@executable_path/../Frameworks",
					"@loader_path/../Frameworks",
				);
				PRODUCT_BUNDLE_IDENTIFIER = com.appcannon.RedditUITests;
				PRODUCT_NAME = "$(TARGET_NAME)";
				SWIFT_VERSION = 5.0;
				TEST_TARGET_NAME = Reddit;
			};
			name = Release;
		};
/* End XCBuildConfiguration section */

/* Begin XCConfigurationList section */
		6617348022B69D6C005F557F /* Build configuration list for PBXProject "Reddit" */ = {
			isa = XCConfigurationList;
			buildConfigurations = (
				661734A722B69D6D005F557F /* Debug */,
				661734A822B69D6D005F557F /* Release */,
			);
			defaultConfigurationIsVisible = 0;
			defaultConfigurationName = Release;
		};
		661734A922B69D6D005F557F /* Build configuration list for PBXNativeTarget "Reddit" */ = {
			isa = XCConfigurationList;
			buildConfigurations = (
				661734AA22B69D6D005F557F /* Debug */,
				661734AB22B69D6D005F557F /* Release */,
			);
			defaultConfigurationIsVisible = 0;
			defaultConfigurationName = Release;
		};
		661734AC22B69D6D005F557F /* Build configuration list for PBXNativeTarget "RedditTests" */ = {
			isa = XCConfigurationList;
			buildConfigurations = (
				661734AD22B69D6D005F557F /* Debug */,
				661734AE22B69D6D005F557F /* Release */,
			);
			defaultConfigurationIsVisible = 0;
			defaultConfigurationName = Release;
		};
		661734AF22B69D6D005F557F /* Build configuration list for PBXNativeTarget "RedditUITests" */ = {
			isa = XCConfigurationList;
			buildConfigurations = (
				661734B022B69D6D005F557F /* Debug */,
				661734B122B69D6D005F557F /* Release */,
			);
			defaultConfigurationIsVisible = 0;
			defaultConfigurationName = Release;
		};
/* End XCConfigurationList section */
	};
	rootObject = 6617347D22B69D6C005F557F /* Project object */;
}
